
Microsoft Visual Studio Solution File, Format Version 12.00
# Visual Studio 15
VisualStudioVersion = 15.0.26124.0
MinimumVisualStudioVersion = 15.0.26124.0
Project("{FAE04EC0-301F-11D3-BF4B-00C04F79EFBC}") = "API1", "API1\API1.csproj", "{475727AD-519F-4FC8-8F9C-456D102C5A35}"
EndProject
Project("{FAE04EC0-301F-11D3-BF4B-00C04F79EFBC}") = "API2", "API2\API2.csproj", "{3F0100D8-33AE-4BB3-BD0C-296DC2D6A57E}"
EndProject
Project("{FAE04EC0-301F-11D3-BF4B-00C04F79EFBC}") = "TesteUnitario", "TesteUnitario\TesteUnitario.csproj", "{62B91C01-F6DD-4437-BEC0-60E5340D0DFE}"
EndProject
Global
	GlobalSection(SolutionConfigurationPlatforms) = preSolution
		Debug|Any CPU = Debug|Any CPU
		Debug|x64 = Debug|x64
		Debug|x86 = Debug|x86
		Release|Any CPU = Release|Any CPU
		Release|x64 = Release|x64
		Release|x86 = Release|x86
	EndGlobalSection
	GlobalSection(SolutionProperties) = preSolution
		HideSolutionNode = FALSE
	EndGlobalSection
	GlobalSection(ProjectConfigurationPlatforms) = postSolution
		{475727AD-519F-4FC8-8F9C-456D102C5A35}.Debug|Any CPU.ActiveCfg = Debug|Any CPU
		{475727AD-519F-4FC8-8F9C-456D102C5A35}.Debug|Any CPU.Build.0 = Debug|Any CPU
		{475727AD-519F-4FC8-8F9C-456D102C5A35}.Debug|x64.ActiveCfg = Debug|Any CPU
		{475727AD-519F-4FC8-8F9C-456D102C5A35}.Debug|x64.Build.0 = Debug|Any CPU
		{475727AD-519F-4FC8-8F9C-456D102C5A35}.Debug|x86.ActiveCfg = Debug|Any CPU
		{475727AD-519F-4FC8-8F9C-456D102C5A35}.Debug|x86.Build.0 = Debug|Any CPU
		{475727AD-519F-4FC8-8F9C-456D102C5A35}.Release|Any CPU.ActiveCfg = Release|Any CPU
		{475727AD-519F-4FC8-8F9C-456D102C5A35}.Release|Any CPU.Build.0 = Release|Any CPU
		{475727AD-519F-4FC8-8F9C-456D102C5A35}.Release|x64.ActiveCfg = Release|Any CPU
		{475727AD-519F-4FC8-8F9C-456D102C5A35}.Release|x64.Build.0 = Release|Any CPU
		{475727AD-519F-4FC8-8F9C-456D102C5A35}.Release|x86.ActiveCfg = Release|Any CPU
		{475727AD-519F-4FC8-8F9C-456D102C5A35}.Release|x86.Build.0 = Release|Any CPU
		{3F0100D8-33AE-4BB3-BD0C-296DC2D6A57E}.Debug|Any CPU.ActiveCfg = Debug|Any CPU
		{3F0100D8-33AE-4BB3-BD0C-296DC2D6A57E}.Debug|Any CPU.Build.0 = Debug|Any CPU
		{3F0100D8-33AE-4BB3-BD0C-296DC2D6A57E}.Debug|x64.ActiveCfg = Debug|Any CPU
		{3F0100D8-33AE-4BB3-BD0C-296DC2D6A57E}.Debug|x64.Build.0 = Debug|Any CPU
		{3F0100D8-33AE-4BB3-BD0C-296DC2D6A57E}.Debug|x86.ActiveCfg = Debug|Any CPU
		{3F0100D8-33AE-4BB3-BD0C-296DC2D6A57E}.Debug|x86.Build.0 = Debug|Any CPU
		{3F0100D8-33AE-4BB3-BD0C-296DC2D6A57E}.Release|Any CPU.ActiveCfg = Release|Any CPU
		{3F0100D8-33AE-4BB3-BD0C-296DC2D6A57E}.Release|Any CPU.Build.0 = Release|Any CPU
		{3F0100D8-33AE-4BB3-BD0C-296DC2D6A57E}.Release|x64.ActiveCfg = Release|Any CPU
		{3F0100D8-33AE-4BB3-BD0C-296DC2D6A57E}.Release|x64.Build.0 = Release|Any CPU
		{3F0100D8-33AE-4BB3-BD0C-296DC2D6A57E}.Release|x86.ActiveCfg = Release|Any CPU
		{3F0100D8-33AE-4BB3-BD0C-296DC2D6A57E}.Release|x86.Build.0 = Release|Any CPU
		{62B91C01-F6DD-4437-BEC0-60E5340D0DFE}.Debug|Any CPU.ActiveCfg = Debug|Any CPU
		{62B91C01-F6DD-4437-BEC0-60E5340D0DFE}.Debug|Any CPU.Build.0 = Debug|Any CPU
		{62B91C01-F6DD-4437-BEC0-60E5340D0DFE}.Debug|x64.ActiveCfg = Debug|Any CPU
		{62B91C01-F6DD-4437-BEC0-60E5340D0DFE}.Debug|x64.Build.0 = Debug|Any CPU
		{62B91C01-F6DD-4437-BEC0-60E5340D0DFE}.Debug|x86.ActiveCfg = Debug|Any CPU
		{62B91C01-F6DD-4437-BEC0-60E5340D0DFE}.Debug|x86.Build.0 = Debug|Any CPU
		{62B91C01-F6DD-4437-BEC0-60E5340D0DFE}.Release|Any CPU.ActiveCfg = Release|Any CPU
		{62B91C01-F6DD-4437-BEC0-60E5340D0DFE}.Release|Any CPU.Build.0 = Release|Any CPU
		{62B91C01-F6DD-4437-BEC0-60E5340D0DFE}.Release|x64.ActiveCfg = Release|Any CPU
		{62B91C01-F6DD-4437-BEC0-60E5340D0DFE}.Release|x64.Build.0 = Release|Any CPU
		{62B91C01-F6DD-4437-BEC0-60E5340D0DFE}.Release|x86.ActiveCfg = Release|Any CPU
		{62B91C01-F6DD-4437-BEC0-60E5340D0DFE}.Release|x86.Build.0 = Release|Any CPU
	EndGlobalSection
EndGlobal
